
Microsoft Visual Studio Solution File, Format Version 12.00
# Visual Studio 15
VisualStudioVersion = 15.0.26124.0
MinimumVisualStudioVersion = 15.0.26124.0
Project("{9A19103F-16F7-4668-BE54-9A1E7A4F7556}") = "Pamola.Solvers", "Source\Pamola.Solvers.csproj", "{63FD5BD9-73D5-4CAB-B3B5-262B9ED74E77}"
EndProject
Project("{9A19103F-16F7-4668-BE54-9A1E7A4F7556}") = "Pamola.Solvers.UT", "Tests\Pamola.Solvers.UT.csproj", "{BA85E3B6-46B5-41D5-8F07-A819A84243E3}"
EndProject
Global
	GlobalSection(SolutionConfigurationPlatforms) = preSolution
		Debug|Any CPU = Debug|Any CPU
		Debug|x64 = Debug|x64
		Debug|x86 = Debug|x86
		Release|Any CPU = Release|Any CPU
		Release|x64 = Release|x64
		Release|x86 = Release|x86
	EndGlobalSection
	GlobalSection(ProjectConfigurationPlatforms) = postSolution
		{63FD5BD9-73D5-4CAB-B3B5-262B9ED74E77}.Debug|Any CPU.ActiveCfg = Debug|Any CPU
		{63FD5BD9-73D5-4CAB-B3B5-262B9ED74E77}.Debug|Any CPU.Build.0 = Debug|Any CPU
		{63FD5BD9-73D5-4CAB-B3B5-262B9ED74E77}.Debug|x64.ActiveCfg = Debug|Any CPU
		{63FD5BD9-73D5-4CAB-B3B5-262B9ED74E77}.Debug|x64.Build.0 = Debug|Any CPU
		{63FD5BD9-73D5-4CAB-B3B5-262B9ED74E77}.Debug|x86.ActiveCfg = Debug|Any CPU
		{63FD5BD9-73D5-4CAB-B3B5-262B9ED74E77}.Debug|x86.Build.0 = Debug|Any CPU
		{63FD5BD9-73D5-4CAB-B3B5-262B9ED74E77}.Release|Any CPU.ActiveCfg = Release|Any CPU
		{63FD5BD9-73D5-4CAB-B3B5-262B9ED74E77}.Release|Any CPU.Build.0 = Release|Any CPU
		{63FD5BD9-73D5-4CAB-B3B5-262B9ED74E77}.Release|x64.ActiveCfg = Release|Any CPU
		{63FD5BD9-73D5-4CAB-B3B5-262B9ED74E77}.Release|x64.Build.0 = Release|Any CPU
		{63FD5BD9-73D5-4CAB-B3B5-262B9ED74E77}.Release|x86.ActiveCfg = Release|Any CPU
		{63FD5BD9-73D5-4CAB-B3B5-262B9ED74E77}.Release|x86.Build.0 = Release|Any CPU
		{BA85E3B6-46B5-41D5-8F07-A819A84243E3}.Debug|Any CPU.ActiveCfg = Debug|Any CPU
		{BA85E3B6-46B5-41D5-8F07-A819A84243E3}.Debug|Any CPU.Build.0 = Debug|Any CPU
		{BA85E3B6-46B5-41D5-8F07-A819A84243E3}.Debug|x64.ActiveCfg = Debug|Any CPU
		{BA85E3B6-46B5-41D5-8F07-A819A84243E3}.Debug|x64.Build.0 = Debug|Any CPU
		{BA85E3B6-46B5-41D5-8F07-A819A84243E3}.Debug|x86.ActiveCfg = Debug|Any CPU
		{BA85E3B6-46B5-41D5-8F07-A819A84243E3}.Debug|x86.Build.0 = Debug|Any CPU
		{BA85E3B6-46B5-41D5-8F07-A819A84243E3}.Release|Any CPU.ActiveCfg = Release|Any CPU
		{BA85E3B6-46B5-41D5-8F07-A819A84243E3}.Release|Any CPU.Build.0 = Release|Any CPU
		{BA85E3B6-46B5-41D5-8F07-A819A84243E3}.Release|x64.ActiveCfg = Release|Any CPU
		{BA85E3B6-46B5-41D5-8F07-A819A84243E3}.Release|x64.Build.0 = Release|Any CPU
		{BA85E3B6-46B5-41D5-8F07-A819A84243E3}.Release|x86.ActiveCfg = Release|Any CPU
		{BA85E3B6-46B5-41D5-8F07-A819A84243E3}.Release|x86.Build.0 = Release|Any CPU
	EndGlobalSection
	GlobalSection(SolutionProperties) = preSolution
		HideSolutionNode = FALSE
	EndGlobalSection
	GlobalSection(ExtensibilityGlobals) = postSolution
		SolutionGuid = {D33B018E-6E04-47C5-B1BE-D1620D8E06CA}
	EndGlobalSection
EndGlobal
